<?xml version="1.0" encoding="utf-8"?>
<Project ToolsVersion="4.0" xmlns="http://schemas.microsoft.com/developer/msbuild/2003">
  <ItemGroup>
    <ClInclude Include="CodexQuota.h">
      <Filter>头文件</Filter>
    </ClInclude>
    <ClInclude Include="CodexQuotaJsonParser.h">
      <Filter>头文件</Filter>
    </ClInclude>
    <ClInclude Include="CodexQuotaMonitor.h">
      <Filter>头文件</Filter>
    </ClInclude>
    <ClInclude Include="CodexQuotaPacketEncoder.h">
      <Filter>头文件</Filter>
    </ClInclude>
    <ClInclude Include="CodexQuotaSerialSender.h">
      <Filter>头文件</Filter>
    </ClInclude>
    <Filter Include="源文件">
      <UniqueIdentifier>{4FC737F1-C7A5-4376-A066-2A32D752A2FF}</UniqueIdentifier>
      <Extensions>cpp;c;cc;cxx;c++;cppm;ixx;def;odl;idl;hpj;bat;asm;asmx</Extensions>
    </Filter>
    <Filter Include="头文件">
      <UniqueIdentifier>{93995380-89BD-4b04-88EB-625FBE52EBFB}</UniqueIdentifier>
      <Extensions>h;hh;hpp;hxx;h++;hm;inl;inc;ipp;xsd</Extensions>
    </Filter>
    <Filter Include="资源文件">
      <UniqueIdentifier>{67DA6AB6-F800-4c08-8B7A-83BB121AAD01}</UniqueIdentifier>
      <Extensions>rc;ico;cur;bmp;dlg;rc2;rct;bin;rgs;gif;jpg;jpeg;jpe;resx;tiff;tif;png;wav;mfcribbon-ms</Extensions>
    </Filter>
    <ClInclude Include="resource.h">
      <Filter>头文件</Filter>
    </ClInclude>
  </ItemGroup>
  <ItemGroup>
    <ClInclude Include="CpuMonitor.h">
      <Filter>头文件</Filter>
    </ClInclude>
    <ClInclude Include="MemoryMonitor.h">
      <Filter>头文件</Filter>
    </ClInclude>
    <ClInclude Include="GpuMonitor.h">
      <Filter>头文件</Filter>
    </ClInclude>
    <ClInclude Include="HardwareMonitor.h">
      <Filter>头文件</Filter>
    </ClInclude>
    <ClInclude Include="ConsoleLogger.h">
      <Filter>头文件</Filter>
    </ClInclude>
    <ClInclude Include="PacketProtocol.h">
      <Filter>头文件</Filter>
    </ClInclude>
    <ClInclude Include="SerialPort.h">
      <Filter>头文件</Filter>
    </ClInclude>
    <ClInclude Include="SerialCommunicator.h">
      <Filter>头文件</Filter>
    </ClInclude>
    <ClInclude Include="HardwarePacketEncoder.h">
      <Filter>头文件</Filter>
    </ClInclude>
    <ClInclude Include="HardwareSerialSender.h">
      <Filter>头文件</Filter>
    </ClInclude>
    <ClInclude Include="SerialPortEnumerator.h">
      <Filter>头文件</Filter>
    </ClInclude>
    <ClInclude Include="TrayApplication.h">
      <Filter>头文件</Filter>
    </ClInclude>
    <ClInclude Include="third_party\nlohmann\json.hpp">
      <Filter>头文件</Filter>
    </ClInclude>
  </ItemGroup>
  <ItemGroup>
    <ClCompile Include="CodexQuotaJsonParser.cpp">
      <Filter>源文件</Filter>
    </ClCompile>
    <ClCompile Include="CodexQuotaMonitor.cpp">
      <Filter>源文件</Filter>
    </ClCompile>
    <ClCompile Include="CodexQuotaPacketEncoder.cpp">
      <Filter>源文件</Filter>
    </ClCompile>
    <ClCompile Include="CodexQuotaSerialSender.cpp">
      <Filter>源文件</Filter>
    </ClCompile>
    <ClCompile Include="CpuMonitor.cpp">
      <Filter>源文件</Filter>
    </ClCompile>
    <ClCompile Include="MemoryMonitor.cpp">
      <Filter>源文件</Filter>
    </ClCompile>
    <ClCompile Include="GpuMonitor.cpp">
      <Filter>源文件</Filter>
    </ClCompile>
    <ClCompile Include="main.cpp">
      <Filter>源文件</Filter>
    </ClCompile>
    <ClCompile Include="HardwareMonitor.cpp">
      <Filter>源文件</Filter>
    </ClCompile>
    <ClCompile Include="ConsoleLogger.cpp">
      <Filter>源文件</Filter>
    </ClCompile>
    <ClCompile Include="PacketProtocol.cpp">
      <Filter>源文件</Filter>
    </ClCompile>
    <ClCompile Include="SerialPort.cpp">
      <Filter>源文件</Filter>
    </ClCompile>
    <ClCompile Include="SerialCommunicator.cpp">
      <Filter>源文件</Filter>
    </ClCompile>
    <ClCompile Include="HardwarePacketEncoder.cpp">
      <Filter>源文件</Filter>
    </ClCompile>
    <ClCompile Include="HardwareSerialSender.cpp">
      <Filter>源文件</Filter>
    </ClCompile>
    <ClCompile Include="SerialPortEnumerator.cpp">
      <Filter>源文件</Filter>
    </ClCompile>
    <ClCompile Include="TrayApplication.cpp">
      <Filter>源文件</Filter>
    </ClCompile>
  </ItemGroup>
  <ItemGroup>
    <None Include="third_party\nlohmann\LICENSE.MIT" />
  </ItemGroup>
  <ItemGroup>
    <ResourceCompile Include="PC_monitor.rc">
      <Filter>资源文件</Filter>
    </ResourceCompile>
  </ItemGroup>
  <ItemGroup>
    <Image Include="PC_monitor.ico">
      <Filter>资源文件</Filter>
    </Image>
  </ItemGroup>
</Project>